{
  "name": "@amcheste/brand",
  "version": "2026.04.0",
  "lockfileVersion": 3,
  "requires": true,
  "packages": {
    "": {
      "name": "@amcheste/brand",
      "version": "2026.04.0",
      "license": "MIT",
      "peerDependencies": {
        "react": ">=17"
      },
      "peerDependenciesMeta": {
        "react": {
          "optional": true
        }
      }
    }
  }
}
